// !$*UTF8*$!
{
	archiveVersion = 1;
	classes = {
	};
	objectVersion = 56;
	objects = {

/* Begin PBXBuildFile section */
		EC490CD12C586CD200BAE4C4 /* EmojiPicker in Frameworks */ = {isa = PBXBuildFile; productRef = EC490CD02C586CD200BAE4C4 /* EmojiPicker */; };
		ECC2C0A92C52F92A00DE2B47 /* MoneyApp.swift in Sources */ = {isa = PBXBuildFile; fileRef = ECC2C0A82C52F92A00DE2B47 /* MoneyApp.swift */; };
		ECC2C0AB2C52F92A00DE2B47 /* ContentView.swift in Sources */ = {isa = PBXBuildFile; fileRef = ECC2C0AA2C52F92A00DE2B47 /* ContentView.swift */; };
		ECC2C0AD2C52F92A00DE2B47 /* Transaction.swift in Sources */ = {isa = PBXBuildFile; fileRef = ECC2C0AC2C52F92A00DE2B47 /* Transaction.swift */; };
		ECC2C0AF2C52F92B00DE2B47 /* Assets.xcassets in Resources */ = {isa = PBXBuildFile; fileRef = ECC2C0AE2C52F92B00DE2B47 /* Assets.xcassets */; };
		ECC2C0B22C52F92B00DE2B47 /* Preview Assets.xcassets in Resources */ = {isa = PBXBuildFile; fileRef = ECC2C0B12C52F92B00DE2B47 /* Preview Assets.xcassets */; };
		ECC2C0B92C52FAF700DE2B47 /* Category.swift in Sources */ = {isa = PBXBuildFile; fileRef = ECC2C0B82C52FAF700DE2B47 /* Category.swift */; };
		ECC2C0BB2C52FE2300DE2B47 /* SettingsView.swift in Sources */ = {isa = PBXBuildFile; fileRef = ECC2C0BA2C52FE2300DE2B47 /* SettingsView.swift */; };
		ECC2C0BD2C52FE2B00DE2B47 /* HomeView.swift in Sources */ = {isa = PBXBuildFile; fileRef = ECC2C0BC2C52FE2B00DE2B47 /* HomeView.swift */; };
		ECC2C0BF2C52FE3100DE2B47 /* HistoryView.swift in Sources */ = {isa = PBXBuildFile; fileRef = ECC2C0BE2C52FE3100DE2B47 /* HistoryView.swift */; };
		ECC2C0C12C5308E000DE2B47 /* CategoriesView.swift in Sources */ = {isa = PBXBuildFile; fileRef = ECC2C0C02C5308E000DE2B47 /* CategoriesView.swift */; };
		ECC2C0C32C532AB100DE2B47 /* AddCategoryView.swift in Sources */ = {isa = PBXBuildFile; fileRef = ECC2C0C22C532AB100DE2B47 /* AddCategoryView.swift */; };
/* End PBXBuildFile section */

/* Begin PBXFileReference section */
		ECC2C0A52C52F92A00DE2B47 /* Money.app */ = {isa = PBXFileReference; explicitFileType = wrapper.application; includeInIndex = 0; path = Money.app; sourceTree = BUILT_PRODUCTS_DIR; };
		ECC2C0A82C52F92A00DE2B47 /* MoneyApp.swift */ = {isa = PBXFileReference; lastKnownFileType = sourcecode.swift; path = MoneyApp.swift; sourceTree = "<group>"; };
		ECC2C0AA2C52F92A00DE2B47 /* ContentView.swift */ = {isa = PBXFileReference; lastKnownFileType = sourcecode.swift; path = ContentView.swift; sourceTree = "<group>"; };
		ECC2C0AC2C52F92A00DE2B47 /* Transaction.swift */ = {isa = PBXFileReference; lastKnownFileType = sourcecode.swift; path = Transaction.swift; sourceTree = "<group>"; };
		ECC2C0AE2C52F92B00DE2B47 /* Assets.xcassets */ = {isa = PBXFileReference; lastKnownFileType = folder.assetcatalog; path = Assets.xcassets; sourceTree = "<group>"; };
		ECC2C0B12C52F92B00DE2B47 /* Preview Assets.xcassets */ = {isa = PBXFileReference; lastKnownFileType = folder.assetcatalog; path = "Preview Assets.xcassets"; sourceTree = "<group>"; };
		ECC2C0B82C52FAF700DE2B47 /* Category.swift */ = {isa = PBXFileReference; lastKnownFileType = sourcecode.swift; path = Category.swift; sourceTree = "<group>"; };
		ECC2C0BA2C52FE2300DE2B47 /* SettingsView.swift */ = {isa = PBXFileReference; lastKnownFileType = sourcecode.swift; path = SettingsView.swift; sourceTree = "<group>"; };
		ECC2C0BC2C52FE2B00DE2B47 /* HomeView.swift */ = {isa = PBXFileReference; lastKnownFileType = sourcecode.swift; path = HomeView.swift; sourceTree = "<group>"; };
		ECC2C0BE2C52FE3100DE2B47 /* HistoryView.swift */ = {isa = PBXFileReference; lastKnownFileType = sourcecode.swift; path = HistoryView.swift; sourceTree = "<group>"; };
		ECC2C0C02C5308E000DE2B47 /* CategoriesView.swift */ = {isa = PBXFileReference; lastKnownFileType = sourcecode.swift; path = CategoriesView.swift; sourceTree = "<group>"; };
		ECC2C0C22C532AB100DE2B47 /* AddCategoryView.swift */ = {isa = PBXFileReference; lastKnownFileType = sourcecode.swift; path = AddCategoryView.swift; sourceTree = "<group>"; };
/* End PBXFileReference section */

/* Begin PBXFrameworksBuildPhase section */
		ECC2C0A22C52F92A00DE2B47 /* Frameworks */ = {
			isa = PBXFrameworksBuildPhase;
			buildActionMask = 2147483647;
			files = (
				EC490CD12C586CD200BAE4C4 /* EmojiPicker in Frameworks */,
			);
			runOnlyForDeploymentPostprocessing = 0;
		};
/* End PBXFrameworksBuildPhase section */

/* Begin PBXGroup section */
		ECC2C09C2C52F92A00DE2B47 = {
			isa = PBXGroup;
			children = (
				ECC2C0A72C52F92A00DE2B47 /* Money */,
				ECC2C0A62C52F92A00DE2B47 /* Products */,
			);
			sourceTree = "<group>";
		};
		ECC2C0A62C52F92A00DE2B47 /* Products */ = {
			isa = PBXGroup;
			children = (
				ECC2C0A52C52F92A00DE2B47 /* Money.app */,
			);
			name = Products;
			sourceTree = "<group>";
		};
		ECC2C0A72C52F92A00DE2B47 /* Money */ = {
			isa = PBXGroup;
			children = (
				ECC2C0A82C52F92A00DE2B47 /* MoneyApp.swift */,
				ECC2C0AA2C52F92A00DE2B47 /* ContentView.swift */,
				ECC2C0BA2C52FE2300DE2B47 /* SettingsView.swift */,
				ECC2C0C02C5308E000DE2B47 /* CategoriesView.swift */,
				ECC2C0C22C532AB100DE2B47 /* AddCategoryView.swift */,
				ECC2C0BC2C52FE2B00DE2B47 /* HomeView.swift */,
				ECC2C0BE2C52FE3100DE2B47 /* HistoryView.swift */,
				ECC2C0AC2C52F92A00DE2B47 /* Transaction.swift */,
				ECC2C0B82C52FAF700DE2B47 /* Category.swift */,
				ECC2C0AE2C52F92B00DE2B47 /* Assets.xcassets */,
				ECC2C0B02C52F92B00DE2B47 /* Preview Content */,
			);
			path = Money;
			sourceTree = "<group>";
		};
		ECC2C0B02C52F92B00DE2B47 /* Preview Content */ = {
			isa = PBXGroup;
			children = (
				ECC2C0B12C52F92B00DE2B47 /* Preview Assets.xcassets */,
			);
			path = "Preview Content";
			sourceTree = "<group>";
		};
/* End PBXGroup section */

/* Begin PBXNativeTarget section */
		ECC2C0A42C52F92A00DE2B47 /* Money */ = {
			isa = PBXNativeTarget;
			buildConfigurationList = ECC2C0B52C52F92B00DE2B47 /* Build configuration list for PBXNativeTarget "Money" */;
			buildPhases = (
				ECC2C0A12C52F92A00DE2B47 /* Sources */,
				ECC2C0A22C52F92A00DE2B47 /* Frameworks */,
				ECC2C0A32C52F92A00DE2B47 /* Resources */,
			);
			buildRules = (
			);
			dependencies = (
			);
			name = Money;
			packageProductDependencies = (
				EC490CD02C586CD200BAE4C4 /* EmojiPicker */,
			);
			productName = Money;
			productReference = ECC2C0A52C52F92A00DE2B47 /* Money.app */;
			productType = "com.apple.product-type.application";
		};
/* End PBXNativeTarget section */

/* Begin PBXProject section */
		ECC2C09D2C52F92A00DE2B47 /* Project object */ = {
			isa = PBXProject;
			attributes = {
				BuildIndependentTargetsInParallel = 1;
				LastSwiftUpdateCheck = 1540;
				LastUpgradeCheck = 1540;
				TargetAttributes = {
					ECC2C0A42C52F92A00DE2B47 = {
						CreatedOnToolsVersion = 15.4;
					};
				};
			};
			buildConfigurationList = ECC2C0A02C52F92A00DE2B47 /* Build configuration list for PBXProject "Money" */;
			compatibilityVersion = "Xcode 14.0";
			developmentRegion = en;
			hasScannedForEncodings = 0;
			knownRegions = (
				en,
				Base,
			);
			mainGroup = ECC2C09C2C52F92A00DE2B47;
			packageReferences = (
				EC490CCF2C586CD200BAE4C4 /* XCRemoteSwiftPackageReference "EmojiPicker" */,
			);
			productRefGroup = ECC2C0A62C52F92A00DE2B47 /* Products */;
			projectDirPath = "";
			projectRoot = "";
			targets = (
				ECC2C0A42C52F92A00DE2B47 /* Money */,
			);
		};
/* End PBXProject section */

/* Begin PBXResourcesBuildPhase section */
		ECC2C0A32C52F92A00DE2B47 /* Resources */ = {
			isa = PBXResourcesBuildPhase;
			buildActionMask = 2147483647;
			files = (
				ECC2C0B22C52F92B00DE2B47 /* Preview Assets.xcassets in Resources */,
				ECC2C0AF2C52F92B00DE2B47 /* Assets.xcassets in Resources */,
			);
			runOnlyForDeploymentPostprocessing = 0;
		};
/* End PBXResourcesBuildPhase section */

/* Begin PBXSourcesBuildPhase section */
		ECC2C0A12C52F92A00DE2B47 /* Sources */ = {
			isa = PBXSourcesBuildPhase;
			buildActionMask = 2147483647;
			files = (
				ECC2C0C12C5308E000DE2B47 /* CategoriesView.swift in Sources */,
				ECC2C0BF2C52FE3100DE2B47 /* HistoryView.swift in Sources */,
				ECC2C0BB2C52FE2300DE2B47 /* SettingsView.swift in Sources */,
				ECC2C0C32C532AB100DE2B47 /* AddCategoryView.swift in Sources */,
				ECC2C0AB2C52F92A00DE2B47 /* ContentView.swift in Sources */,
				ECC2C0AD2C52F92A00DE2B47 /* Transaction.swift in Sources */,
				ECC2C0BD2C52FE2B00DE2B47 /* HomeView.swift in Sources */,
				ECC2C0A92C52F92A00DE2B47 /* MoneyApp.swift in Sources */,
				ECC2C0B92C52FAF700DE2B47 /* Category.swift in Sources */,
			);
			runOnlyForDeploymentPostprocessing = 0;
		};
/* End PBXSourcesBuildPhase section */

/* Begin XCBuildConfiguration section */
		ECC2C0B32C52F92B00DE2B47 /* Debug */ = {
			isa = XCBuildConfiguration;
			buildSettings = {
				ALWAYS_SEARCH_USER_PATHS = NO;
				ASSETCATALOG_COMPILER_GENERATE_SWIFT_ASSET_SYMBOL_EXTENSIONS = YES;
				CLANG_ANALYZER_NONNULL = YES;
				CLANG_ANALYZER_NUMBER_OBJECT_CONVERSION = YES_AGGRESSIVE;
				CLANG_CXX_LANGUAGE_STANDARD = "gnu++20";
				CLANG_ENABLE_MODULES = YES;
				CLANG_ENABLE_OBJC_ARC = YES;
				CLANG_ENABLE_OBJC_WEAK = YES;
				CLANG_WARN_BLOCK_CAPTURE_AUTORELEASING = YES;
				CLANG_WARN_BOOL_CONVERSION = YES;
				CLANG_WARN_COMMA = YES;
				CLANG_WARN_CONSTANT_CONVERSION = YES;
				CLANG_WARN_DEPRECATED_OBJC_IMPLEMENTATIONS = YES;
				CLANG_WARN_DIRECT_OBJC_ISA_USAGE = YES_ERROR;
				CLANG_WARN_DOCUMENTATION_COMMENTS = YES;
				CLANG_WARN_EMPTY_BODY = YES;
				CLANG_WARN_ENUM_CONVERSION = YES;
				CLANG_WARN_INFINITE_RECURSION = YES;
				CLANG_WARN_INT_CONVERSION = YES;
				CLANG_WARN_NON_LITERAL_NULL_CONVERSION = YES;
				CLANG_WARN_OBJC_IMPLICIT_RETAIN_SELF = YES;
				CLANG_WARN_OBJC_LITERAL_CONVERSION = YES;
				CLANG_WARN_OBJC_ROOT_CLASS = YES_ERROR;
				CLANG_WARN_QUOTED_INCLUDE_IN_FRAMEWORK_HEADER = YES;
				CLANG_WARN_RANGE_LOOP_ANALYSIS = YES;
				CLANG_WARN_STRICT_PROTOTYPES = YES;
				CLANG_WARN_SUSPICIOUS_MOVE = YES;
				CLANG_WARN_UNGUARDED_AVAILABILITY = YES_AGGRESSIVE;
				CLANG_WARN_UNREACHABLE_CODE = YES;
				CLANG_WARN__DUPLICATE_METHOD_MATCH = YES;
				COPY_PHASE_STRIP = NO;
				DEBUG_INFORMATION_FORMAT = dwarf;
				ENABLE_STRICT_OBJC_MSGSEND = YES;
				ENABLE_TESTABILITY = YES;
				ENABLE_USER_SCRIPT_SANDBOXING = YES;
				GCC_C_LANGUAGE_STANDARD = gnu17;
				GCC_DYNAMIC_NO_PIC = NO;
				GCC_NO_COMMON_BLOCKS = YES;
				GCC_OPTIMIZATION_LEVEL = 0;
				GCC_PREPROCESSOR_DEFINITIONS = (
					"DEBUG=1",
					"$(inherited)",
				);
				GCC_WARN_64_TO_32_BIT_CONVERSION = YES;
				GCC_WARN_ABOUT_RETURN_TYPE = YES_ERROR;
				GCC_WARN_UNDECLARED_SELECTOR = YES;
				GCC_WARN_UNINITIALIZED_AUTOS = YES_AGGRESSIVE;
				GCC_WARN_UNUSED_FUNCTION = YES;
				GCC_WARN_UNUSED_VARIABLE = YES;
				IPHONEOS_DEPLOYMENT_TARGET = 17.5;
				LOCALIZATION_PREFERS_STRING_CATALOGS = YES;
				MTL_ENABLE_DEBUG_INFO = INCLUDE_SOURCE;
				MTL_FAST_MATH = YES;
				ONLY_ACTIVE_ARCH = YES;
				SDKROOT = iphoneos;
				SWIFT_ACTIVE_COMPILATION_CONDITIONS = "DEBUG $(inherited)";
				SWIFT_OPTIMIZATION_LEVEL = "-Onone";
			};
			name = Debug;
		};
		ECC2C0B42C52F92B00DE2B47 /* Release */ = {
			isa = XCBuildConfiguration;
			buildSettings = {
				ALWAYS_SEARCH_USER_PATHS = NO;
				ASSETCATALOG_COMPILER_GENERATE_SWIFT_ASSET_SYMBOL_EXTENSIONS = YES;
				CLANG_ANALYZER_NONNULL = YES;
				CLANG_ANALYZER_NUMBER_OBJECT_CONVERSION = YES_AGGRESSIVE;
				CLANG_CXX_LANGUAGE_STANDARD = "gnu++20";
				CLANG_ENABLE_MODULES = YES;
				CLANG_ENABLE_OBJC_ARC = YES;
				CLANG_ENABLE_OBJC_WEAK = YES;
				CLANG_WARN_BLOCK_CAPTURE_AUTORELEASING = YES;
				CLANG_WARN_BOOL_CONVERSION = YES;
				CLANG_WARN_COMMA = YES;
				CLANG_WARN_CONSTANT_CONVERSION = YES;
				CLANG_WARN_DEPRECATED_OBJC_IMPLEMENTATIONS = YES;
				CLANG_WARN_DIRECT_OBJC_ISA_USAGE = YES_ERROR;
				CLANG_WARN_DOCUMENTATION_COMMENTS = YES;
				CLANG_WARN_EMPTY_BODY = YES;
				CLANG_WARN_ENUM_CONVERSION = YES;
				CLANG_WARN_INFINITE_RECURSION = YES;
				CLANG_WARN_INT_CONVERSION = YES;
				CLANG_WARN_NON_LITERAL_NULL_CONVERSION = YES;
				CLANG_WARN_OBJC_IMPLICIT_RETAIN_SELF = YES;
				CLANG_WARN_OBJC_LITERAL_CONVERSION = YES;
				CLANG_WARN_OBJC_ROOT_CLASS = YES_ERROR;
				CLANG_WARN_QUOTED_INCLUDE_IN_FRAMEWORK_HEADER = YES;
				CLANG_WARN_RANGE_LOOP_ANALYSIS = YES;
				CLANG_WARN_STRICT_PROTOTYPES = YES;
				CLANG_WARN_SUSPICIOUS_MOVE = YES;
				CLANG_WARN_UNGUARDED_AVAILABILITY = YES_AGGRESSIVE;
				CLANG_WARN_UNREACHABLE_CODE = YES;
				CLANG_WARN__DUPLICATE_METHOD_MATCH = YES;
				COPY_PHASE_STRIP = NO;
				DEBUG_INFORMATION_FORMAT = "dwarf-with-dsym";
				ENABLE_NS_ASSERTIONS = NO;
				ENABLE_STRICT_OBJC_MSGSEND = YES;
				ENABLE_USER_SCRIPT_SANDBOXING = YES;
				GCC_C_LANGUAGE_STANDARD = gnu17;
				GCC_NO_COMMON_BLOCKS = YES;
				GCC_WARN_64_TO_32_BIT_CONVERSION = YES;
				GCC_WARN_ABOUT_RETURN_TYPE = YES_ERROR;
				GCC_WARN_UNDECLARED_SELECTOR = YES;
				GCC_WARN_UNINITIALIZED_AUTOS = YES_AGGRESSIVE;
				GCC_WARN_UNUSED_FUNCTION = YES;
				GCC_WARN_UNUSED_VARIABLE = YES;
				IPHONEOS_DEPLOYMENT_TARGET = 17.5;
				LOCALIZATION_PREFERS_STRING_CATALOGS = YES;
				MTL_ENABLE_DEBUG_INFO = NO;
				MTL_FAST_MATH = YES;
				SDKROOT = iphoneos;
				SWIFT_COMPILATION_MODE = wholemodule;
				VALIDATE_PRODUCT = YES;
			};
			name = Release;
		};
		ECC2C0B62C52F92B00DE2B47 /* Debug */ = {
			isa = XCBuildConfiguration;
			buildSettings = {
				ASSETCATALOG_COMPILER_APPICON_NAME = AppIcon;
				ASSETCATALOG_COMPILER_GLOBAL_ACCENT_COLOR_NAME = AccentColor;
				CODE_SIGN_STYLE = Automatic;
				CURRENT_PROJECT_VERSION = 1;
				DEVELOPMENT_ASSET_PATHS = "\"Money/Preview Content\"";
				DEVELOPMENT_TEAM = YV4Q8V5245;
				ENABLE_PREVIEWS = YES;
				GENERATE_INFOPLIST_FILE = YES;
				INFOPLIST_KEY_UIApplicationSceneManifest_Generation = YES;
				INFOPLIST_KEY_UIApplicationSupportsIndirectInputEvents = YES;
				INFOPLIST_KEY_UILaunchScreen_Generation = YES;
				INFOPLIST_KEY_UISupportedInterfaceOrientations_iPad = "UIInterfaceOrientationPortrait UIInterfaceOrientationPortraitUpsideDown UIInterfaceOrientationLandscapeLeft UIInterfaceOrientationLandscapeRight";
				INFOPLIST_KEY_UISupportedInterfaceOrientations_iPhone = "UIInterfaceOrientationPortrait UIInterfaceOrientationLandscapeLeft UIInterfaceOrientationLandscapeRight";
				LD_RUNPATH_SEARCH_PATHS = (
					"$(inherited)",
					"@executable_path/Frameworks",
				);
				MARKETING_VERSION = 1.0;
				PRODUCT_BUNDLE_IDENTIFIER = fior.gustavo.Money;
				PRODUCT_NAME = "$(TARGET_NAME)";
				SWIFT_EMIT_LOC_STRINGS = YES;
				SWIFT_VERSION = 5.0;
				TARGETED_DEVICE_FAMILY = "1,2";
			};
			name = Debug;
		};
		ECC2C0B72C52F92B00DE2B47 /* Release */ = {
			isa = XCBuildConfiguration;
			buildSettings = {
				ASSETCATALOG_COMPILER_APPICON_NAME = AppIcon;
				ASSETCATALOG_COMPILER_GLOBAL_ACCENT_COLOR_NAME = AccentColor;
				CODE_SIGN_STYLE = Automatic;
				CURRENT_PROJECT_VERSION = 1;
				DEVELOPMENT_ASSET_PATHS = "\"Money/Preview Content\"";
				DEVELOPMENT_TEAM = YV4Q8V5245;
				ENABLE_PREVIEWS = YES;
				GENERATE_INFOPLIST_FILE = YES;
				INFOPLIST_KEY_UIApplicationSceneManifest_Generation = YES;
				INFOPLIST_KEY_UIApplicationSupportsIndirectInputEvents = YES;
				INFOPLIST_KEY_UILaunchScreen_Generation = YES;
				INFOPLIST_KEY_UISupportedInterfaceOrientations_iPad = "UIInterfaceOrientationPortrait UIInterfaceOrientationPortraitUpsideDown UIInterfaceOrientationLandscapeLeft UIInterfaceOrientationLandscapeRight";
				INFOPLIST_KEY_UISupportedInterfaceOrientations_iPhone = "UIInterfaceOrientationPortrait UIInterfaceOrientationLandscapeLeft UIInterfaceOrientationLandscapeRight";
				LD_RUNPATH_SEARCH_PATHS = (
					"$(inherited)",
					"@executable_path/Frameworks",
				);
				MARKETING_VERSION = 1.0;
				PRODUCT_BUNDLE_IDENTIFIER = fior.gustavo.Money;
				PRODUCT_NAME = "$(TARGET_NAME)";
				SWIFT_EMIT_LOC_STRINGS = YES;
				SWIFT_VERSION = 5.0;
				TARGETED_DEVICE_FAMILY = "1,2";
			};
			name = Release;
		};
/* End XCBuildConfiguration section */

/* Begin XCConfigurationList section */
		ECC2C0A02C52F92A00DE2B47 /* Build configuration list for PBXProject "Money" */ = {
			isa = XCConfigurationList;
			buildConfigurations = (
				ECC2C0B32C52F92B00DE2B47 /* Debug */,
				ECC2C0B42C52F92B00DE2B47 /* Release */,
			);
			defaultConfigurationIsVisible = 0;
			defaultConfigurationName = Release;
		};
		ECC2C0B52C52F92B00DE2B47 /* Build configuration list for PBXNativeTarget "Money" */ = {
			isa = XCConfigurationList;
			buildConfigurations = (
				ECC2C0B62C52F92B00DE2B47 /* Debug */,
				ECC2C0B72C52F92B00DE2B47 /* Release */,
			);
			defaultConfigurationIsVisible = 0;
			defaultConfigurationName = Release;
		};
/* End XCConfigurationList section */

/* Begin XCRemoteSwiftPackageReference section */
		EC490CCF2C586CD200BAE4C4 /* XCRemoteSwiftPackageReference "EmojiPicker" */ = {
			isa = XCRemoteSwiftPackageReference;
			repositoryURL = "https://github.com/Kelvas09/EmojiPicker";
			requirement = {
				kind = upToNextMajorVersion;
				minimumVersion = 1.0.1;
			};
		};
/* End XCRemoteSwiftPackageReference section */

/* Begin XCSwiftPackageProductDependency section */
		EC490CD02C586CD200BAE4C4 /* EmojiPicker */ = {
			isa = XCSwiftPackageProductDependency;
			package = EC490CCF2C586CD200BAE4C4 /* XCRemoteSwiftPackageReference "EmojiPicker" */;
			productName = EmojiPicker;
		};
/* End XCSwiftPackageProductDependency section */
	};
	rootObject = ECC2C09D2C52F92A00DE2B47 /* Project object */;
}
